
Microsoft Visual Studio Solution File, Format Version 12.00
# Visual Studio 15
VisualStudioVersion = 15.0.26730.12
MinimumVisualStudioVersion = 10.0.40219.1
Project("{FAE04EC0-301F-11D3-BF4B-00C04F79EFBC}") = "YZX.PlcSimAdv", "YZX.PlcSimAdv.csproj", "{2BFA7941-6D05-4DEB-A407-45A95EBEB937}"
EndProject
Project("{FAE04EC0-301F-11D3-BF4B-00C04F79EFBC}") = "Siemens.Simatic.PlcSim.Advanced.AdapterConfigurator", "..\Siemens.Simatic.PlcSim.Advanced.AdapterConfigurator\Siemens.Simatic.PlcSim.Advanced.AdapterConfigurator.csproj", "{472AA25C-D048-45C7-9E04-F524367C22CF}"
EndProject
Project("{FAE04EC0-301F-11D3-BF4B-00C04F79EFBC}") = "HexGridControl", "..\..\..\CSharp\HexGrid\HexGridControl\HexGridControl.csproj", "{942134AC-6EA2-4500-8F22-0F739B70A05F}"
EndProject
Project("{2150E333-8FDC-42A3-9474-1A3956D46DE8}") = "HexGrid", "HexGrid", "{9EC2FFEB-D30E-45A9-9569-F7B3FABD554B}"
EndProject
Project("{FAE04EC0-301F-11D3-BF4B-00C04F79EFBC}") = "HexGridDemo", "..\..\..\CSharp\HexGrid\HexGridDemo\HexGridDemo.csproj", "{B04561D8-B734-4956-8779-3AA6A1479B34}"
EndProject
Project("{FAE04EC0-301F-11D3-BF4B-00C04F79EFBC}") = "HexGridHelpers", "..\..\..\CSharp\HexGrid\HexGridHelpers\HexGridHelpers.csproj", "{E91ECA7C-4DEB-4A44-B695-FC5B9498A677}"
EndProject
Project("{2150E333-8FDC-42A3-9474-1A3956D46DE8}") = "HandyControl", "HandyControl", "{3D37E46E-D78F-43C7-BC41-97E89073A4B1}"
EndProject
Project("{FAE04EC0-301F-11D3-BF4B-00C04F79EFBC}") = "HandyControl", "..\..\..\CSharp\HandyControl\HandyControl\HandyControl.csproj", "{DC966E3D-BCFF-4652-98CF-070E5494749A}"
EndProject
Project("{FAE04EC0-301F-11D3-BF4B-00C04F79EFBC}") = "HandyControlDemo", "..\..\..\CSharp\HandyControl\HandyControlDemo\HandyControlDemo.csproj", "{9A7B52E6-94BB-4E7E-BB6A-7CF6761B79A7}"
EndProject
Project("{2150E333-8FDC-42A3-9474-1A3956D46DE8}") = "WpfPageTransitions", "WpfPageTransitions", "{3958A7BF-CD98-4527-90F2-C9ACA1DA1A38}"
EndProject
Project("{FAE04EC0-301F-11D3-BF4B-00C04F79EFBC}") = "WpfPageTransitions", "..\..\..\CSharp\WpfPageTransition\WpfPageTransitions\WpfPageTransitions.csproj", "{22A46D61-1D40-43A9-802C-B9D43DADD9EC}"
EndProject
Project("{FAE04EC0-301F-11D3-BF4B-00C04F79EFBC}") = "WpfPageTransitionDemo", "..\..\..\CSharp\WpfPageTransition\WpfPageTransitionDemo\WpfPageTransitionDemo.csproj", "{56E815F3-8C4D-4BDA-9966-E712F408C24F}"
EndProject
Project("{2150E333-8FDC-42A3-9474-1A3956D46DE8}") = "CustomTabControl", "CustomTabControl", "{BE5B5E7A-9DEE-4FA8-AD11-5CCBB13FC5E7}"
EndProject
Project("{FAE04EC0-301F-11D3-BF4B-00C04F79EFBC}") = "CustomTabControl", "..\..\..\..\codeproject\NewCustomTabControl\CustomTabControl\CustomTabControl.csproj", "{4DBFE2CF-45E4-4594-8E6A-5EBC2EEF85AE}"
EndProject
Project("{FAE04EC0-301F-11D3-BF4B-00C04F79EFBC}") = "CSCustomTabControlDemo", "..\..\..\..\codeproject\NewCustomTabControl\CSCustomTabControlDemo\CSCustomTabControlDemo.csproj", "{7B57634D-C763-4C8A-900B-DDEB125A4B6C}"
EndProject
Project("{FAE04EC0-301F-11D3-BF4B-00C04F79EFBC}") = "Siemens.Simatic.PlcSim.Compact", "..\..\..\..\gitt\YZX.PlcSim\Siemens.Simatic.PlcSim.Compact\Siemens.Simatic.PlcSim.Compact.csproj", "{59DA1843-C152-4EEB-8FC7-2C7DE7197D59}"
EndProject
Project("{FAE04EC0-301F-11D3-BF4B-00C04F79EFBC}") = "PCPANEL_WPF_Controls", "..\..\..\..\gitt\PCPANEL\PCPANEL_WPF_Controls.csproj", "{234C191C-0AEE-47FB-BC86-456B35EBEEFC}"
EndProject
Project("{2150E333-8FDC-42A3-9474-1A3956D46DE8}") = "PCPANEL", "PCPANEL", "{0C5070B1-E98A-4F40-8AA4-A15FC916281E}"
EndProject
Project("{FAE04EC0-301F-11D3-BF4B-00C04F79EFBC}") = "PCPANEL_WPF_Demo", "..\..\..\..\收费控件\PCPANEL\PCPANEL_WPF_Demo\Source\PCPANEL_WPF_Demo.csproj", "{622FCA03-D5FF-432D-B910-B5D3A308139B}"
EndProject
Project("{FAE04EC0-301F-11D3-BF4B-00C04F79EFBC}") = "PCPANEL_WPF_DemoHelper", "..\..\..\..\收费控件\PCPANEL\PCPANEL_WPF_DemoHelper\PCPANEL_WPF_DemoHelper.csproj", "{D888A83F-B4BB-4D34-82CC-A9946B92F990}"
EndProject
Project("{FAE04EC0-301F-11D3-BF4B-00C04F79EFBC}") = "IPtextbox", "..\..\..\CSharp\IPtextbox\IPtextbox\IPtextbox\IPtextbox.csproj", "{48375F88-A171-4146-A949-06793F67A598}"
EndProject
Global
	GlobalSection(SolutionConfigurationPlatforms) = preSolution
		Debug|Any CPU = Debug|Any CPU
		Debug|x86 = Debug|x86
		Release|Any CPU = Release|Any CPU
		Release|x86 = Release|x86
	EndGlobalSection
	GlobalSection(ProjectConfigurationPlatforms) = postSolution
		{2BFA7941-6D05-4DEB-A407-45A95EBEB937}.Debug|Any CPU.ActiveCfg = Debug|Any CPU
		{2BFA7941-6D05-4DEB-A407-45A95EBEB937}.Debug|Any CPU.Build.0 = Debug|Any CPU
		{2BFA7941-6D05-4DEB-A407-45A95EBEB937}.Debug|x86.ActiveCfg = Debug|Any CPU
		{2BFA7941-6D05-4DEB-A407-45A95EBEB937}.Debug|x86.Build.0 = Debug|Any CPU
		{2BFA7941-6D05-4DEB-A407-45A95EBEB937}.Release|Any CPU.ActiveCfg = Release|Any CPU
		{2BFA7941-6D05-4DEB-A407-45A95EBEB937}.Release|Any CPU.Build.0 = Release|Any CPU
		{2BFA7941-6D05-4DEB-A407-45A95EBEB937}.Release|x86.ActiveCfg = Release|Any CPU
		{2BFA7941-6D05-4DEB-A407-45A95EBEB937}.Release|x86.Build.0 = Release|Any CPU
		{472AA25C-D048-45C7-9E04-F524367C22CF}.Debug|Any CPU.ActiveCfg = Debug|Any CPU
		{472AA25C-D048-45C7-9E04-F524367C22CF}.Debug|Any CPU.Build.0 = Debug|Any CPU
		{472AA25C-D048-45C7-9E04-F524367C22CF}.Debug|x86.ActiveCfg = Debug|Any CPU
		{472AA25C-D048-45C7-9E04-F524367C22CF}.Debug|x86.Build.0 = Debug|Any CPU
		{472AA25C-D048-45C7-9E04-F524367C22CF}.Release|Any CPU.ActiveCfg = Release|Any CPU
		{472AA25C-D048-45C7-9E04-F524367C22CF}.Release|Any CPU.Build.0 = Release|Any CPU
		{472AA25C-D048-45C7-9E04-F524367C22CF}.Release|x86.ActiveCfg = Release|Any CPU
		{472AA25C-D048-45C7-9E04-F524367C22CF}.Release|x86.Build.0 = Release|Any CPU
		{942134AC-6EA2-4500-8F22-0F739B70A05F}.Debug|Any CPU.ActiveCfg = Debug|Any CPU
		{942134AC-6EA2-4500-8F22-0F739B70A05F}.Debug|Any CPU.Build.0 = Debug|Any CPU
		{942134AC-6EA2-4500-8F22-0F739B70A05F}.Debug|x86.ActiveCfg = Debug|Any CPU
		{942134AC-6EA2-4500-8F22-0F739B70A05F}.Debug|x86.Build.0 = Debug|Any CPU
		{942134AC-6EA2-4500-8F22-0F739B70A05F}.Release|Any CPU.ActiveCfg = Release|Any CPU
		{942134AC-6EA2-4500-8F22-0F739B70A05F}.Release|Any CPU.Build.0 = Release|Any CPU
		{942134AC-6EA2-4500-8F22-0F739B70A05F}.Release|x86.ActiveCfg = Release|Any CPU
		{942134AC-6EA2-4500-8F22-0F739B70A05F}.Release|x86.Build.0 = Release|Any CPU
		{B04561D8-B734-4956-8779-3AA6A1479B34}.Debug|Any CPU.ActiveCfg = Debug|Any CPU
		{B04561D8-B734-4956-8779-3AA6A1479B34}.Debug|Any CPU.Build.0 = Debug|Any CPU
		{B04561D8-B734-4956-8779-3AA6A1479B34}.Debug|x86.ActiveCfg = Debug|Any CPU
		{B04561D8-B734-4956-8779-3AA6A1479B34}.Debug|x86.Build.0 = Debug|Any CPU
		{B04561D8-B734-4956-8779-3AA6A1479B34}.Release|Any CPU.ActiveCfg = Release|Any CPU
		{B04561D8-B734-4956-8779-3AA6A1479B34}.Release|Any CPU.Build.0 = Release|Any CPU
		{B04561D8-B734-4956-8779-3AA6A1479B34}.Release|x86.ActiveCfg = Release|Any CPU
		{B04561D8-B734-4956-8779-3AA6A1479B34}.Release|x86.Build.0 = Release|Any CPU
		{E91ECA7C-4DEB-4A44-B695-FC5B9498A677}.Debug|Any CPU.ActiveCfg = Debug|Any CPU
		{E91ECA7C-4DEB-4A44-B695-FC5B9498A677}.Debug|Any CPU.Build.0 = Debug|Any CPU
		{E91ECA7C-4DEB-4A44-B695-FC5B9498A677}.Debug|x86.ActiveCfg = Debug|Any CPU
		{E91ECA7C-4DEB-4A44-B695-FC5B9498A677}.Debug|x86.Build.0 = Debug|Any CPU
		{E91ECA7C-4DEB-4A44-B695-FC5B9498A677}.Release|Any CPU.ActiveCfg = Release|Any CPU
		{E91ECA7C-4DEB-4A44-B695-FC5B9498A677}.Release|Any CPU.Build.0 = Release|Any CPU
		{E91ECA7C-4DEB-4A44-B695-FC5B9498A677}.Release|x86.ActiveCfg = Release|Any CPU
		{E91ECA7C-4DEB-4A44-B695-FC5B9498A677}.Release|x86.Build.0 = Release|Any CPU
		{DC966E3D-BCFF-4652-98CF-070E5494749A}.Debug|Any CPU.ActiveCfg = Debug|Any CPU
		{DC966E3D-BCFF-4652-98CF-070E5494749A}.Debug|Any CPU.Build.0 = Debug|Any CPU
		{DC966E3D-BCFF-4652-98CF-070E5494749A}.Debug|x86.ActiveCfg = Debug|Any CPU
		{DC966E3D-BCFF-4652-98CF-070E5494749A}.Debug|x86.Build.0 = Debug|Any CPU
		{DC966E3D-BCFF-4652-98CF-070E5494749A}.Release|Any CPU.ActiveCfg = Release|Any CPU
		{DC966E3D-BCFF-4652-98CF-070E5494749A}.Release|Any CPU.Build.0 = Release|Any CPU
		{DC966E3D-BCFF-4652-98CF-070E5494749A}.Release|x86.ActiveCfg = Release|Any CPU
		{DC966E3D-BCFF-4652-98CF-070E5494749A}.Release|x86.Build.0 = Release|Any CPU
		{9A7B52E6-94BB-4E7E-BB6A-7CF6761B79A7}.Debug|Any CPU.ActiveCfg = Debug|Any CPU
		{9A7B52E6-94BB-4E7E-BB6A-7CF6761B79A7}.Debug|Any CPU.Build.0 = Debug|Any CPU
		{9A7B52E6-94BB-4E7E-BB6A-7CF6761B79A7}.Debug|x86.ActiveCfg = Debug|Any CPU
		{9A7B52E6-94BB-4E7E-BB6A-7CF6761B79A7}.Debug|x86.Build.0 = Debug|Any CPU
		{9A7B52E6-94BB-4E7E-BB6A-7CF6761B79A7}.Release|Any CPU.ActiveCfg = Release|Any CPU
		{9A7B52E6-94BB-4E7E-BB6A-7CF6761B79A7}.Release|Any CPU.Build.0 = Release|Any CPU
		{9A7B52E6-94BB-4E7E-BB6A-7CF6761B79A7}.Release|x86.ActiveCfg = Release|Any CPU
		{9A7B52E6-94BB-4E7E-BB6A-7CF6761B79A7}.Release|x86.Build.0 = Release|Any CPU
		{22A46D61-1D40-43A9-802C-B9D43DADD9EC}.Debug|Any CPU.ActiveCfg = Debug|Any CPU
		{22A46D61-1D40-43A9-802C-B9D43DADD9EC}.Debug|Any CPU.Build.0 = Debug|Any CPU
		{22A46D61-1D40-43A9-802C-B9D43DADD9EC}.Debug|x86.ActiveCfg = Debug|Any CPU
		{22A46D61-1D40-43A9-802C-B9D43DADD9EC}.Debug|x86.Build.0 = Debug|Any CPU
		{22A46D61-1D40-43A9-802C-B9D43DADD9EC}.Release|Any CPU.ActiveCfg = Release|Any CPU
		{22A46D61-1D40-43A9-802C-B9D43DADD9EC}.Release|Any CPU.Build.0 = Release|Any CPU
		{22A46D61-1D40-43A9-802C-B9D43DADD9EC}.Release|x86.ActiveCfg = Release|Any CPU
		{22A46D61-1D40-43A9-802C-B9D43DADD9EC}.Release|x86.Build.0 = Release|Any CPU
		{56E815F3-8C4D-4BDA-9966-E712F408C24F}.Debug|Any CPU.ActiveCfg = Debug|x86
		{56E815F3-8C4D-4BDA-9966-E712F408C24F}.Debug|x86.ActiveCfg = Debug|x86
		{56E815F3-8C4D-4BDA-9966-E712F408C24F}.Debug|x86.Build.0 = Debug|x86
		{56E815F3-8C4D-4BDA-9966-E712F408C24F}.Release|Any CPU.ActiveCfg = Release|x86
		{56E815F3-8C4D-4BDA-9966-E712F408C24F}.Release|x86.ActiveCfg = Release|x86
		{56E815F3-8C4D-4BDA-9966-E712F408C24F}.Release|x86.Build.0 = Release|x86
		{4DBFE2CF-45E4-4594-8E6A-5EBC2EEF85AE}.Debug|Any CPU.ActiveCfg = Debug|x86
		{4DBFE2CF-45E4-4594-8E6A-5EBC2EEF85AE}.Debug|x86.ActiveCfg = Debug|x86
		{4DBFE2CF-45E4-4594-8E6A-5EBC2EEF85AE}.Debug|x86.Build.0 = Debug|x86
		{4DBFE2CF-45E4-4594-8E6A-5EBC2EEF85AE}.Release|Any CPU.ActiveCfg = Release|x86
		{4DBFE2CF-45E4-4594-8E6A-5EBC2EEF85AE}.Release|x86.ActiveCfg = Release|x86
		{4DBFE2CF-45E4-4594-8E6A-5EBC2EEF85AE}.Release|x86.Build.0 = Release|x86
		{7B57634D-C763-4C8A-900B-DDEB125A4B6C}.Debug|Any CPU.ActiveCfg = Debug|x86
		{7B57634D-C763-4C8A-900B-DDEB125A4B6C}.Debug|x86.ActiveCfg = Debug|x86
		{7B57634D-C763-4C8A-900B-DDEB125A4B6C}.Debug|x86.Build.0 = Debug|x86
		{7B57634D-C763-4C8A-900B-DDEB125A4B6C}.Release|Any CPU.ActiveCfg = Release|x86
		{7B57634D-C763-4C8A-900B-DDEB125A4B6C}.Release|x86.ActiveCfg = Release|x86
		{7B57634D-C763-4C8A-900B-DDEB125A4B6C}.Release|x86.Build.0 = Release|x86
		{59DA1843-C152-4EEB-8FC7-2C7DE7197D59}.Debug|Any CPU.ActiveCfg = Debug|Any CPU
		{59DA1843-C152-4EEB-8FC7-2C7DE7197D59}.Debug|Any CPU.Build.0 = Debug|Any CPU
		{59DA1843-C152-4EEB-8FC7-2C7DE7197D59}.Debug|x86.ActiveCfg = Debug|Any CPU
		{59DA1843-C152-4EEB-8FC7-2C7DE7197D59}.Debug|x86.Build.0 = Debug|Any CPU
		{59DA1843-C152-4EEB-8FC7-2C7DE7197D59}.Release|Any CPU.ActiveCfg = Release|Any CPU
		{59DA1843-C152-4EEB-8FC7-2C7DE7197D59}.Release|Any CPU.Build.0 = Release|Any CPU
		{59DA1843-C152-4EEB-8FC7-2C7DE7197D59}.Release|x86.ActiveCfg = Release|Any CPU
		{59DA1843-C152-4EEB-8FC7-2C7DE7197D59}.Release|x86.Build.0 = Release|Any CPU
		{234C191C-0AEE-47FB-BC86-456B35EBEEFC}.Debug|Any CPU.ActiveCfg = Debug|Any CPU
		{234C191C-0AEE-47FB-BC86-456B35EBEEFC}.Debug|Any CPU.Build.0 = Debug|Any CPU
		{234C191C-0AEE-47FB-BC86-456B35EBEEFC}.Debug|x86.ActiveCfg = Debug|Any CPU
		{234C191C-0AEE-47FB-BC86-456B35EBEEFC}.Debug|x86.Build.0 = Debug|Any CPU
		{234C191C-0AEE-47FB-BC86-456B35EBEEFC}.Release|Any CPU.ActiveCfg = Release|Any CPU
		{234C191C-0AEE-47FB-BC86-456B35EBEEFC}.Release|Any CPU.Build.0 = Release|Any CPU
		{234C191C-0AEE-47FB-BC86-456B35EBEEFC}.Release|x86.ActiveCfg = Release|Any CPU
		{234C191C-0AEE-47FB-BC86-456B35EBEEFC}.Release|x86.Build.0 = Release|Any CPU
		{622FCA03-D5FF-432D-B910-B5D3A308139B}.Debug|Any CPU.ActiveCfg = Debug|Any CPU
		{622FCA03-D5FF-432D-B910-B5D3A308139B}.Debug|Any CPU.Build.0 = Debug|Any CPU
		{622FCA03-D5FF-432D-B910-B5D3A308139B}.Debug|x86.ActiveCfg = Debug|Any CPU
		{622FCA03-D5FF-432D-B910-B5D3A308139B}.Debug|x86.Build.0 = Debug|Any CPU
		{622FCA03-D5FF-432D-B910-B5D3A308139B}.Release|Any CPU.ActiveCfg = Release|Any CPU
		{622FCA03-D5FF-432D-B910-B5D3A308139B}.Release|Any CPU.Build.0 = Release|Any CPU
		{622FCA03-D5FF-432D-B910-B5D3A308139B}.Release|x86.ActiveCfg = Release|Any CPU
		{622FCA03-D5FF-432D-B910-B5D3A308139B}.Release|x86.Build.0 = Release|Any CPU
		{D888A83F-B4BB-4D34-82CC-A9946B92F990}.Debug|Any CPU.ActiveCfg = Debug|Any CPU
		{D888A83F-B4BB-4D34-82CC-A9946B92F990}.Debug|Any CPU.Build.0 = Debug|Any CPU
		{D888A83F-B4BB-4D34-82CC-A9946B92F990}.Debug|x86.ActiveCfg = Debug|Any CPU
		{D888A83F-B4BB-4D34-82CC-A9946B92F990}.Debug|x86.Build.0 = Debug|Any CPU
		{D888A83F-B4BB-4D34-82CC-A9946B92F990}.Release|Any CPU.ActiveCfg = Release|Any CPU
		{D888A83F-B4BB-4D34-82CC-A9946B92F990}.Release|Any CPU.Build.0 = Release|Any CPU
		{D888A83F-B4BB-4D34-82CC-A9946B92F990}.Release|x86.ActiveCfg = Release|Any CPU
		{D888A83F-B4BB-4D34-82CC-A9946B92F990}.Release|x86.Build.0 = Release|Any CPU
		{48375F88-A171-4146-A949-06793F67A598}.Debug|Any CPU.ActiveCfg = Debug|Any CPU
		{48375F88-A171-4146-A949-06793F67A598}.Debug|Any CPU.Build.0 = Debug|Any CPU
		{48375F88-A171-4146-A949-06793F67A598}.Debug|x86.ActiveCfg = Debug|Any CPU
		{48375F88-A171-4146-A949-06793F67A598}.Debug|x86.Build.0 = Debug|Any CPU
		{48375F88-A171-4146-A949-06793F67A598}.Release|Any CPU.ActiveCfg = Release|Any CPU
		{48375F88-A171-4146-A949-06793F67A598}.Release|Any CPU.Build.0 = Release|Any CPU
		{48375F88-A171-4146-A949-06793F67A598}.Release|x86.ActiveCfg = Release|Any CPU
		{48375F88-A171-4146-A949-06793F67A598}.Release|x86.Build.0 = Release|Any CPU
	EndGlobalSection
	GlobalSection(SolutionProperties) = preSolution
		HideSolutionNode = FALSE
	EndGlobalSection
	GlobalSection(NestedProjects) = preSolution
		{942134AC-6EA2-4500-8F22-0F739B70A05F} = {9EC2FFEB-D30E-45A9-9569-F7B3FABD554B}
		{B04561D8-B734-4956-8779-3AA6A1479B34} = {9EC2FFEB-D30E-45A9-9569-F7B3FABD554B}
		{E91ECA7C-4DEB-4A44-B695-FC5B9498A677} = {9EC2FFEB-D30E-45A9-9569-F7B3FABD554B}
		{DC966E3D-BCFF-4652-98CF-070E5494749A} = {3D37E46E-D78F-43C7-BC41-97E89073A4B1}
		{9A7B52E6-94BB-4E7E-BB6A-7CF6761B79A7} = {3D37E46E-D78F-43C7-BC41-97E89073A4B1}
		{22A46D61-1D40-43A9-802C-B9D43DADD9EC} = {3958A7BF-CD98-4527-90F2-C9ACA1DA1A38}
		{56E815F3-8C4D-4BDA-9966-E712F408C24F} = {3958A7BF-CD98-4527-90F2-C9ACA1DA1A38}
		{4DBFE2CF-45E4-4594-8E6A-5EBC2EEF85AE} = {BE5B5E7A-9DEE-4FA8-AD11-5CCBB13FC5E7}
		{7B57634D-C763-4C8A-900B-DDEB125A4B6C} = {BE5B5E7A-9DEE-4FA8-AD11-5CCBB13FC5E7}
		{234C191C-0AEE-47FB-BC86-456B35EBEEFC} = {0C5070B1-E98A-4F40-8AA4-A15FC916281E}
		{622FCA03-D5FF-432D-B910-B5D3A308139B} = {0C5070B1-E98A-4F40-8AA4-A15FC916281E}
		{D888A83F-B4BB-4D34-82CC-A9946B92F990} = {0C5070B1-E98A-4F40-8AA4-A15FC916281E}
	EndGlobalSection
	GlobalSection(ExtensibilityGlobals) = postSolution
		SolutionGuid = {675E267A-D5C0-4BEA-983A-E3AFC42B6194}
	EndGlobalSection
EndGlobal
